{
  "name": "reduce",
  "version": "1.0.0",
  "lockfileVersion": 1,
  "requires": true,
  "dependencies": {
    "lazy.js": {
      "version": "0.5.1",
      "resolved": "https://registry.npmjs.org/lazy.js/-/lazy.js-0.5.1.tgz",
      "integrity": "sha512-p9v24vaKrzS2mEx3yuzva/3M6I3+HwvXd0pB1Xf/IvsFIMdhQgmym7JBO0e7c0OZmKTo07sCuiCIm6jazSWFNw=="
    },
    "module-alias": {
      "version": "2.2.2",
      "resolved": "https://registry.npmjs.org/module-alias/-/module-alias-2.2.2.tgz",
      "integrity": "sha512-A/78XjoX2EmNvppVWEhM2oGk3x4lLxnkEA4jTbaK97QKSDjkIoOsKQlfylt/d3kKKi596Qy3NP5XrXJ6fZIC9Q=="
    },
    "monet": {
      "version": "0.9.2",
      "resolved": "https://registry.npmjs.org/monet/-/monet-0.9.2.tgz",
      "integrity": "sha512-1InBkZov47As5vn2zyp5mMysip1627Bj0z1yCJyWegeAOnwKOWmIzBd+4tx7ajrALoZdtgx7L0qVwSBP6J7FRQ=="
    },
    "ramda": {
      "version": "0.27.1",
      "resolved": "https://registry.npmjs.org/ramda/-/ramda-0.27.1.tgz",
      "integrity": "sha512-PgIdVpn5y5Yns8vqb8FzBUEYn98V3xcPgawAkkgj0YJ0qDsnHCiNmZYfOGMgOvoB0eWFLpYbhxUR3mxfDIMvpw=="
    }
  }
}
